{
    "_readme": [
        "This file locks the dependencies of your project to a known state",
        "Read more about it at https://getcomposer.org/doc/01-basic-usage.md#installing-dependencies",
        "This file is @generated automatically"
    ],
    "content-hash": "65413eac66f8b6a19ddf06244bd5d8f4",
    "packages": [
        {
            "name": "enshrined/svg-sanitize",
            "version": "0.22.0",
            "source": {
                "type": "git",
                "url": "https://github.com/darylldoyle/svg-sanitizer.git",
                "reference": "0afa95ea74be155a7bcd6c6fb60c276c39984500"
            },
            "dist": {
                "type": "zip",
                "url": "https://api.github.com/repos/darylldoyle/svg-sanitizer/zipball/0afa95ea74be155a7bcd6c6fb60c276c39984500",
                "reference": "0afa95ea74be155a7bcd6c6fb60c276c39984500",
                "shasum": ""
            },
            "require": {
                "ext-dom": "*",
                "ext-libxml": "*",
                "php": "^7.1 || ^8.0"
            },
            "require-dev": {
                "phpunit/phpunit": "^6.5 || ^8.5"
            },
            "type": "library",
            "autoload": {
                "psr-4": {
                    "enshrined\\svgSanitize\\": "src"
                }
            },
            "notification-url": "https://packagist.org/downloads/",
            "license": [
                "GPL-2.0-or-later"
            ],
            "authors": [
                {
                    "name": "Daryll Doyle",
                    "email": "daryll@enshrined.co.uk"
                }
            ],
            "description": "An SVG sanitizer for PHP",
            "support": {
                "issues": "https://github.com/darylldoyle/svg-sanitizer/issues",
                "source": "https://github.com/darylldoyle/svg-sanitizer/tree/0.22.0"
            },
            "time": "2025-08-12T10:13:48+00:00"
        },
        {
            "name": "jjgrainger/posttypes",
            "version": "v2.2.2",
            "source": {
                "type": "git",
                "url": "https://github.com/jjgrainger/PostTypes.git",
                "reference": "f5d5812992fe204409d585d936c7c110b8d23773"
            },
            "dist": {
                "type": "zip",
                "url": "https://api.github.com/repos/jjgrainger/PostTypes/zipball/f5d5812992fe204409d585d936c7c110b8d23773",
                "reference": "f5d5812992fe204409d585d936c7c110b8d23773",
                "shasum": ""
            },
            "require": {
                "php": ">=7.2"
            },
            "require-dev": {
                "phpunit/phpunit": "^9.6",
                "squizlabs/php_codesniffer": "3.*"
            },
            "type": "library",
            "autoload": {
                "psr-4": {
                    "PostTypes\\": "src/"
                }
            },
            "notification-url": "https://packagist.org/downloads/",
            "license": [
                "MIT"
            ],
            "authors": [
                {
                    "name": "Joe Grainger",
                    "homepage": "https://jjgrainger.co.uk"
                }
            ],
            "description": "Simple WordPress custom post types.",
            "homepage": "https://posttypes.jjgrainger.co.uk",
            "keywords": [
                "post-types",
                "wordpress"
            ],
            "support": {
                "issues": "https://github.com/jjgrainger/posttypes/issues",
                "source": "https://github.com/jjgrainger/posttypes"
            },
            "time": "2026-01-25T17:36:17+00:00"
        },
        {
            "name": "open-function-computers-llc/rad-theme-engine",
            "version": "v1.1.1",
            "source": {
                "type": "git",
                "url": "https://github.com/open-function-computers-llc/rad-theme-engine.git",
                "reference": "686a47b6c2d25b1ddcd58cc31e8ae8c890ec9f35"
            },
            "dist": {
                "type": "zip",
                "url": "https://api.github.com/repos/open-function-computers-llc/rad-theme-engine/zipball/686a47b6c2d25b1ddcd58cc31e8ae8c890ec9f35",
                "reference": "686a47b6c2d25b1ddcd58cc31e8ae8c890ec9f35",
                "shasum": ""
            },
            "require": {
                "enshrined/svg-sanitize": "^0.22.0",
                "jjgrainger/posttypes": "^2.2",
                "php": ">=8.1",
                "salesforce/handlebars-php": "^2.3"
            },
            "require-dev": {
                "phpunit/phpunit": "^9.5",
                "yoast/phpunit-polyfills": "^4.0"
            },
            "bin": [
                "bin/rad"
            ],
            "type": "library",
            "autoload": {
                "psr-4": {
                    "ofc\\": "src/"
                }
            },
            "notification-url": "https://packagist.org/downloads/",
            "license": [
                "MIT"
            ],
            "description": "A suite of classes to make WordPress theme development cleaner",
            "keywords": [
                "handlebars",
                "theme",
                "wordpress"
            ],
            "support": {
                "issues": "https://github.com/open-function-computers-llc/rad-theme-engine/issues",
                "source": "https://github.com/open-function-computers-llc/rad-theme-engine/tree/v1.1.1"
            },
            "time": "2026-09-25T22:31:19+00:00"
        },
        {
            "name": "salesforce/handlebars-php",
            "version": "2.3.0",
            "source": {
                "type": "git",
                "url": "https://github.com/salesforce/handlebars-php.git",
                "reference": "59fc47c7b2701659cb483d0f3461c4f712693b2b"
            },
            "dist": {
                "type": "zip",
                "url": "https://api.github.com/repos/salesforce/handlebars-php/zipball/59fc47c7b2701659cb483d0f3461c4f712693b2b",
                "reference": "59fc47c7b2701659cb483d0f3461c4f712693b2b",
                "shasum": ""
            },
            "require": {
                "php": ">=5.4.0"
            },
            "require-dev": {
                "phpunit/phpunit": "^4"
            },
            "type": "library",
            "autoload": {
                "psr-0": {
                    "Handlebars": "src/"
                }
            },
            "notification-url": "https://packagist.org/downloads/",
            "license": [
                "MIT"
            ],
            "authors": [
                {
                    "name": "fzerorubigd",
                    "email": "fzerorubigd@gmail.com"
                },
                {
                    "name": "Behrooz Shabani (everplays)",
                    "email": "everplays@gmail.com"
                },
                {
                    "name": "Mardix",
                    "homepage": "https://github.com/mardix"
                }
            ],
            "description": "Handlebars processor for php",
            "homepage": "http://www.github.com/salesforce/handlebars-php",
            "keywords": [
                "handlebars",
                "mustache",
                "templating"
            ],
            "support": {
                "issues": "https://github.com/salesforce/handlebars-php/issues",
                "source": "https://github.com/salesforce/handlebars-php/tree/2.3.0"
            },
            "time": "2020-06-08T17:23:52+00:00"
        },
        {
            "name": "symfony/deprecation-contracts",
            "version": "v3.7.1",
            "source": {
                "type": "git",
                "url": "https://github.com/symfony/deprecation-contracts.git",
                "reference": "f3202fa1b5097b0af062dc978b32ecf63404e31d"
            },
            "dist": {
                "type": "zip",
                "url": "https://api.github.com/repos/symfony/deprecation-contracts/zipball/f3202fa1b5097b0af062dc978b32ecf63404e31d",
                "reference": "f3202fa1b5097b0af062dc978b32ecf63404e31d",
                "shasum": ""
            },
            "require": {
                "php": ">=8.1"
            },
            "type": "library",
            "extra": {
                "thanks": {
                    "url": "https://github.com/symfony/contracts",
                    "name": "symfony/contracts"
                },
                "branch-alias": {
                    "dev-main": "3.7-dev"
                }
            },
            "autoload": {
                "files": [
                    "function.php"
                ]
            },
            "notification-url": "https://packagist.org/downloads/",
            "license": [
                "MIT"
            ],
            "authors": [
                {
                    "name": "Nicolas Grekas",
                    "email": "p@tchwork.com"
                },
                {
                    "name": "Symfony Community",
                    "homepage": "https://symfony.com/contributors"
                }
            ],
            "description": "A generic function and convention to trigger deprecation notices",
            "homepage": "https://symfony.com",
            "support": {
                "source": "https://github.com/symfony/deprecation-contracts/tree/v3.7.1"
            },
            "funding": [
                {
                    "url": "https://symfony.com/sponsor",
                    "type": "custom"
                },
                {
                    "url": "https://github.com/fabpot",
                    "type": "github"
                },
                {
                    "url": "https://github.com/nicolas-grekas",
                    "type": "github"
                },
                {
                    "url": "https://tidelift.com/funding/github/packagist/symfony/symfony",
                    "type": "tidelift"
                }
            ],
            "time": "2026-06-05T06:23:12+00:00"
        },
        {
            "name": "symfony/polyfill-ctype",
            "version": "v1.37.0",
            "source": {
                "type": "git",
                "url": "https://github.com/symfony/polyfill-ctype.git",
                "reference": "141046a8f9477948ff284fa65be2095baafb94f2"
            },
            "dist": {
                "type": "zip",
                "url": "https://api.github.com/repos/symfony/polyfill-ctype/zipball/141046a8f9477948ff284fa65be2095baafb94f2",
                "reference": "141046a8f9477948ff284fa65be2095baafb94f2",
                "shasum": ""
            },
            "require": {
                "php": ">=7.2"
            },
            "provide": {
                "ext-ctype": "*"
            },
            "suggest": {
                "ext-ctype": "For best performance"
            },
            "type": "library",
            "extra": {
                "thanks": {
                    "url": "https://github.com/symfony/polyfill",
                    "name": "symfony/polyfill"
                }
            },
            "autoload": {
                "files": [
                    "bootstrap.php"
                ],
                "psr-4": {
                    "Symfony\\Polyfill\\Ctype\\": ""
                }
            },
            "notification-url": "https://packagist.org/downloads/",
            "license": [
                "MIT"
            ],
            "authors": [
                {
                    "name": "Gert de Pagter",
                    "email": "BackEndTea@gmail.com"
                },
                {
                    "name": "Symfony Community",
                    "homepage": "https://symfony.com/contributors"
                }
            ],
            "description": "Symfony polyfill for ctype functions",
            "homepage": "https://symfony.com",
            "keywords": [
                "compatibility",
                "ctype",
                "polyfill",
                "portable"
            ],
            "support": {
                "source": "https://github.com/symfony/polyfill-ctype/tree/v1.37.0"
            },
            "funding": [
                {
                    "url": "https://symfony.com/sponsor",
                    "type": "custom"
                },
                {
                    "url": "https://github.com/fabpot",
                    "type": "github"
                },
                {
                    "url": "https://github.com/nicolas-grekas",
                    "type": "github"
                },
                {
                    "url": "https://tidelift.com/funding/github/packagist/symfony/symfony",
                    "type": "tidelift"
                }
            ],
            "time": "2026-04-10T16:19:22+00:00"
        },
        {
            "name": "symfony/yaml",
            "version": "v7.4.18",
            "source": {
                "type": "git",
                "url": "https://github.com/symfony/yaml.git",
                "reference": "4cef939e55b8a21c5780418de0d98ab00d0736e1"
            },
            "dist": {
                "type": "zip",
                "url": "https://api.github.com/repos/symfony/yaml/zipball/4cef939e55b8a21c5780418de0d98ab00d0736e1",
                "reference": "4cef939e55b8a21c5780418de0d98ab00d0736e1",
                "shasum": ""
            },
            "require": {
                "php": ">=8.2",
                "symfony/deprecation-contracts": "^2.5|^3",
                "symfony/polyfill-ctype": "^1.8"
            },
            "conflict": {
                "symfony/console": "<6.4"
            },
            "require-dev": {
                "symfony/console": "^6.4|^7.0|^8.0"
            },
            "bin": [
                "Resources/bin/yaml-lint"
            ],
            "type": "library",
            "autoload": {
                "psr-4": {
                    "Symfony\\Component\\Yaml\\": ""
                },
                "exclude-from-classmap": [
                    "/Tests/"
                ]
            },
            "notification-url": "https://packagist.org/downloads/",
            "license": [
                "MIT"
            ],
            "authors": [
                {
                    "name": "Fabien Potencier",
                    "email": "fabien@symfony.com"
                },
                {
                    "name": "Symfony Community",
                    "homepage": "https://symfony.com/contributors"
                }
            ],
            "description": "Loads and dumps YAML files",
            "homepage": "https://symfony.com",
            "support": {
                "source": "https://github.com/symfony/yaml/tree/v7.4.18"
            },
            "funding": [
                {
                    "url": "https://symfony.com/sponsor",
                    "type": "custom"
                },
                {
                    "url": "https://github.com/fabpot",
                    "type": "github"
                },
                {
                    "url": "https://github.com/nicolas-grekas",
                    "type": "github"
                },
                {
                    "url": "https://tidelift.com/funding/github/packagist/symfony/symfony",
                    "type": "tidelift"
                }
            ],
            "time": "2026-08-30T00:47:26+00:00"
        }
    ],
    "packages-dev": [],
    "aliases": [],
    "minimum-stability": "stable",
    "stability-flags": [],
    "prefer-stable": false,
    "prefer-lowest": false,
    "platform": [],
    "platform-dev": [],
    "plugin-api-version": "2.6.0"
}
